{
  "version": 1,
  "dependencies": {
    "net10.0": {
      "FSharp.Core": {
        "type": "Direct",
        "requested": "[11.0.100, )",
        "resolved": "11.0.100",
        "contentHash": "ijfOz8ihqkFNdKUY57l8YTrbJNfQW/6tFYAUU57ByZzmTxxf1o12cQaCqDOjNqAz4h86AKS7IwQkNhYcrjLeCQ=="
      },
      "Microsoft.NET.ILLink.Tasks": {
        "type": "Direct",
        "requested": "[10.0.7, )",
        "resolved": "10.0.7",
        "contentHash": "TH3MSazsQm+XAv0HZuKaNpCZyYQiIfMxnylkkSmkQ9e9GR/FrhQCabgh8cyjunzyi7+nrlaMtphv4mbyMXGF2Q=="
      },
      "pblasucci.ananoid": {
        "type": "Direct",
        "requested": "[2.0.0, )",
        "resolved": "2.0.0",
        "contentHash": "9QIgX+KrA7WYcJKq54y+A/ncKTKMlR7h95i38wSgb37y5l3XpYrybCcUx/uGH/d3FGCRieLNyUkC7XACgVsurA=="
      }
    }
  }
}